
Microsoft Visual Studio Solution File, Format Version 12.00
# Visual Studio Version 16
VisualStudioVersion = 16.0.30717.126
MinimumVisualStudioVersion = 10.0.40219.1
Project("{9A19103F-16F7-4668-BE54-9A1E7A4F7556}") = "CleanCodeLabb4", "CleanCodeLabb4\CleanCodeLabb4.csproj", "{0A63AC7C-A679-45BC-8362-4AD1848B0CB7}"
EndProject
Project("{E53339B2-1760-4266-BCC7-CA923CBCF16C}") = "docker-compose", "docker-compose.dcproj", "{6CA56FCA-DA11-4AF8-883E-2756E1D18720}"
EndProject
Global
	GlobalSection(SolutionConfigurationPlatforms) = preSolution
		Debug|Any CPU = Debug|Any CPU
		Release|Any CPU = Release|Any CPU
	EndGlobalSection
	GlobalSection(ProjectConfigurationPlatforms) = postSolution
		{0A63AC7C-A679-45BC-8362-4AD1848B0CB7}.Debug|Any CPU.ActiveCfg = Debug|Any CPU
		{0A63AC7C-A679-45BC-8362-4AD1848B0CB7}.Debug|Any CPU.Build.0 = Debug|Any CPU
		{0A63AC7C-A679-45BC-8362-4AD1848B0CB7}.Release|Any CPU.ActiveCfg = Release|Any CPU
		{0A63AC7C-A679-45BC-8362-4AD1848B0CB7}.Release|Any CPU.Build.0 = Release|Any CPU
		{6CA56FCA-DA11-4AF8-883E-2756E1D18720}.Debug|Any CPU.ActiveCfg = Debug|Any CPU
		{6CA56FCA-DA11-4AF8-883E-2756E1D18720}.Debug|Any CPU.Build.0 = Debug|Any CPU
		{6CA56FCA-DA11-4AF8-883E-2756E1D18720}.Release|Any CPU.ActiveCfg = Release|Any CPU
		{6CA56FCA-DA11-4AF8-883E-2756E1D18720}.Release|Any CPU.Build.0 = Release|Any CPU
	EndGlobalSection
	GlobalSection(SolutionProperties) = preSolution
		HideSolutionNode = FALSE
	EndGlobalSection
	GlobalSection(ExtensibilityGlobals) = postSolution
		SolutionGuid = {278422B2-D6D5-482F-B646-8C0652FE25C7}
	EndGlobalSection
EndGlobal
